<?xml version="1.0" encoding="utf-8"?>
<Project ToolsVersion="17.0" xmlns="http://schemas.microsoft.com/developer/msbuild/2003">
  <ItemGroup>
    <ClCompile Include="C:\Users\teren\Documents\Programming\AI_stuff\netGitH\main.cpp">
      <Filter>Source Files</Filter>
    </ClCompile>
  </ItemGroup>
  <ItemGroup>
    <CustomBuild Include="C:\Users\teren\Documents\Programming\AI_stuff\netGitH\CMakeLists.txt" />
  </ItemGroup>
  <ItemGroup>
    <Filter Include="Source Files">
      <UniqueIdentifier>{E33D65C0-B19A-36E0-9AB0-7FD769B56F6F}</UniqueIdentifier>
    </Filter>
  </ItemGroup>
</Project>
