<?xml version="1.0" encoding="utf-8"?>
<Project ToolsVersion="17.0" xmlns="http://schemas.microsoft.com/developer/msbuild/2003">
  <ItemGroup>
    <ClCompile Include="C:\Users\teren\Documents\Programming\C++\setsolver\main.cpp">
      <Filter>Source Files</Filter>
    </ClCompile>
  </ItemGroup>
  <ItemGroup>
    <CustomBuild Include="C:\Users\teren\Documents\Programming\C++\setsolver\CMakeLists.txt" />
  </ItemGroup>
  <ItemGroup>
    <Filter Include="Source Files">
      <UniqueIdentifier>{28204DC3-760E-3BAB-90DF-9B3718454BA0}</UniqueIdentifier>
    </Filter>
  </ItemGroup>
</Project>
